
Microsoft Visual Studio Solution File, Format Version 12.00
# Visual Studio 14
VisualStudioVersion = 14.0.25123.0
MinimumVisualStudioVersion = 10.0.40219.1
Project("{2150E333-8FDC-42A3-9474-1A3956D46DE8}") = "src", "src", "{506EA9FA-8BC3-48C6-BC94-A801BF915FAD}"
EndProject
Project("{2150E333-8FDC-42A3-9474-1A3956D46DE8}") = "Solution Items", "Solution Items", "{C95AA969-DD29-4F95-97A3-DCA97A736EAD}"
	ProjectSection(SolutionItems) = preProject
		global.json = global.json
	EndProjectSection
EndProject
Project("{8BB2217D-0F2D-49D1-97BC-3654ED321F3B}") = "MultiService", "src\MultiService\MultiService.xproj", "{E39A86EE-D060-4530-9ECA-1AC3869896BA}"
	ProjectSection(ProjectDependencies) = postProject
		{4079DD19-0848-409F-A52B-C622105F0ECC} = {4079DD19-0848-409F-A52B-C622105F0ECC}
	EndProjectSection
EndProject
Project("{8BB2217D-0F2D-49D1-97BC-3654ED321F3B}") = "MultiService.API", "src\MultiService.API\MultiService.API.xproj", "{4079DD19-0848-409F-A52B-C622105F0ECC}"
EndProject
Global
	GlobalSection(SolutionConfigurationPlatforms) = preSolution
		Debug|Any CPU = Debug|Any CPU
		Release|Any CPU = Release|Any CPU
	EndGlobalSection
	GlobalSection(ProjectConfigurationPlatforms) = postSolution
		{E39A86EE-D060-4530-9ECA-1AC3869896BA}.Debug|Any CPU.ActiveCfg = Debug|Any CPU
		{E39A86EE-D060-4530-9ECA-1AC3869896BA}.Debug|Any CPU.Build.0 = Debug|Any CPU
		{E39A86EE-D060-4530-9ECA-1AC3869896BA}.Release|Any CPU.ActiveCfg = Release|Any CPU
		{4079DD19-0848-409F-A52B-C622105F0ECC}.Debug|Any CPU.ActiveCfg = Debug|Any CPU
		{4079DD19-0848-409F-A52B-C622105F0ECC}.Release|Any CPU.ActiveCfg = Release|Any CPU
		{4079DD19-0848-409F-A52B-C622105F0ECC}.Release|Any CPU.Build.0 = Release|Any CPU
	EndGlobalSection
	GlobalSection(SolutionProperties) = preSolution
		HideSolutionNode = FALSE
	EndGlobalSection
	GlobalSection(NestedProjects) = preSolution
		{E39A86EE-D060-4530-9ECA-1AC3869896BA} = {506EA9FA-8BC3-48C6-BC94-A801BF915FAD}
		{4079DD19-0848-409F-A52B-C622105F0ECC} = {506EA9FA-8BC3-48C6-BC94-A801BF915FAD}
	EndGlobalSection
EndGlobal
